NeoBundleLock AnsiEsc.vim d2bb7878622e4c16203acf1c92a0f4bc7ac58003
NeoBundleLock calendar.vim 38b2cf96acf2cb1dc033de4b499f5b223adebacd
NeoBundleLock ctrlp.vim 564176f01d7f3f7f8ab452ff4e1f5314de7b0981
NeoBundleLock emmet-vim d7b70c656a54ff9fcf9697f98d8d45d2368c4072
NeoBundleLock fastfold 664c576930114cda993c88eb493285e2464eb83f
NeoBundleLock jedi-vim e66c2e12e64c7f895342d4d9bcc596ea7eabfdf4
NeoBundleLock molokai c67bdfcdb31415aa0ade7f8c003261700a885476
NeoBundleLock neobundle.vim 9c62a8fcf9eb42d3956c703943c99f06a63112e6
NeoBundleLock neocomplete.vim 4bf7526a1c8cca9f8614e8a09178f334eaca0481
NeoBundleLock neomru.vim e86ebb07c3498e81b13a195330831eb845555633
NeoBundleLock nerdtree 2e2b649232d6ae4d02d74793e5da0ee08480ad8d
NeoBundleLock open-browser.vim e2bfabfc758351ee3087d4c697d1953660d943ee
NeoBundleLock previm b5dba0837b464063284a8a97e7b9e5e378db545c
NeoBundleLock tabular 00e1e7fcdbc6d753e0bc8043e0d2546fa81bf367
NeoBundleLock tcomment_vim a30434a3d2c7c74e2708a3bc800c5c14c1e6625e
NeoBundleLock vim-endwise 0067ceda37725d01b7bd5bf249d63b1b5d4e2ab4
NeoBundleLock vim-expand-region 966513543de0ddc2d673b5528a056269e7917276
NeoBundleLock vim-fugitive aac85a268e89a6c8be79341e130ac90256fadbd6
NeoBundleLock vim-indent-guides 018298ead9d3aa9cd3b4ae222f81022a33978b09
NeoBundleLock vim-less 9426a5168acbc12a5dd8f3b01acff59db6ba36e1
NeoBundleLock vim-markdown a3169545f330ec8080244c3ad755bb2211eca8a0
NeoBundleLock vim-quickrun 5149ecd1502b7fc2583cb8799ac1a0c72c41f828
NeoBundleLock vim-rails f35e42632bfda7bfa7c6c8e2dad7f0498caac6e2
NeoBundleLock vim-surround e49d6c2459e0f5569ff2d533b4df995dd7f98313
NeoBundleLock vim-table-mode 8bacd0ba660e94e0bf7e1a41e803df58be4c7376
NeoBundleLock vim-trailing-whitespace 733fb64337b6da4a51c85a43450cd620d8b617b5
NeoBundleLock vimproc.vim 25cb83f24edec4aec1e9f1329302235e7a7a7fe0
